
Microsoft Visual Studio Solution File, Format Version 12.00
# Visual Studio Version 17
VisualStudioVersion = 17.6.33829.357
MinimumVisualStudioVersion = 10.0.40219.1
Project("{8BC9CEB8-8B4A-11D0-8D11-00A0C91BC942}") = "Direct2D_GDI", "Direct2D_GDI\Direct2D_GDI.vcxproj", "{51FF54AA-7EEB-4750-A789-E43A330703D9}"
EndProject
Project("{8BC9CEB8-8B4A-11D0-8D11-00A0C91BC942}") = "Direct2D_DWM", "Direct2D_DWM\Direct2D_DWM.vcxproj", "{677FAB34-884E-4D42-8B24-D1796F2D54C0}"
EndProject
Project("{8BC9CEB8-8B4A-11D0-8D11-00A0C91BC942}") = "GDIPlus_GDI", "GDIPlus_GDI\GDIPlus_GDI.vcxproj", "{D7A6138A-D61D-4C18-B2AE-A47FF215C030}"
EndProject
Project("{8BC9CEB8-8B4A-11D0-8D11-00A0C91BC942}") = "GDIPlus_DWM", "GDIPlus_DWM\GDIPlus_DWM.vcxproj", "{492D8783-8356-4895-95C3-FA4859F4DEF6}"
EndProject
Global
	GlobalSection(SolutionConfigurationPlatforms) = preSolution
		Debug|x64 = Debug|x64
		Debug|x86 = Debug|x86
		Release|x64 = Release|x64
		Release|x86 = Release|x86
	EndGlobalSection
	GlobalSection(ProjectConfigurationPlatforms) = postSolution
		{51FF54AA-7EEB-4750-A789-E43A330703D9}.Debug|x64.ActiveCfg = Debug|x64
		{51FF54AA-7EEB-4750-A789-E43A330703D9}.Debug|x64.Build.0 = Debug|x64
		{51FF54AA-7EEB-4750-A789-E43A330703D9}.Debug|x86.ActiveCfg = Debug|Win32
		{51FF54AA-7EEB-4750-A789-E43A330703D9}.Debug|x86.Build.0 = Debug|Win32
		{51FF54AA-7EEB-4750-A789-E43A330703D9}.Release|x64.ActiveCfg = Release|x64
		{51FF54AA-7EEB-4750-A789-E43A330703D9}.Release|x64.Build.0 = Release|x64
		{51FF54AA-7EEB-4750-A789-E43A330703D9}.Release|x86.ActiveCfg = Release|Win32
		{51FF54AA-7EEB-4750-A789-E43A330703D9}.Release|x86.Build.0 = Release|Win32
		{677FAB34-884E-4D42-8B24-D1796F2D54C0}.Debug|x64.ActiveCfg = Debug|x64
		{677FAB34-884E-4D42-8B24-D1796F2D54C0}.Debug|x64.Build.0 = Debug|x64
		{677FAB34-884E-4D42-8B24-D1796F2D54C0}.Debug|x86.ActiveCfg = Debug|Win32
		{677FAB34-884E-4D42-8B24-D1796F2D54C0}.Debug|x86.Build.0 = Debug|Win32
		{677FAB34-884E-4D42-8B24-D1796F2D54C0}.Release|x64.ActiveCfg = Release|x64
		{677FAB34-884E-4D42-8B24-D1796F2D54C0}.Release|x64.Build.0 = Release|x64
		{677FAB34-884E-4D42-8B24-D1796F2D54C0}.Release|x86.ActiveCfg = Release|Win32
		{677FAB34-884E-4D42-8B24-D1796F2D54C0}.Release|x86.Build.0 = Release|Win32
		{D7A6138A-D61D-4C18-B2AE-A47FF215C030}.Debug|x64.ActiveCfg = Debug|x64
		{D7A6138A-D61D-4C18-B2AE-A47FF215C030}.Debug|x64.Build.0 = Debug|x64
		{D7A6138A-D61D-4C18-B2AE-A47FF215C030}.Debug|x86.ActiveCfg = Debug|Win32
		{D7A6138A-D61D-4C18-B2AE-A47FF215C030}.Debug|x86.Build.0 = Debug|Win32
		{D7A6138A-D61D-4C18-B2AE-A47FF215C030}.Release|x64.ActiveCfg = Release|x64
		{D7A6138A-D61D-4C18-B2AE-A47FF215C030}.Release|x64.Build.0 = Release|x64
		{D7A6138A-D61D-4C18-B2AE-A47FF215C030}.Release|x86.ActiveCfg = Release|Win32
		{D7A6138A-D61D-4C18-B2AE-A47FF215C030}.Release|x86.Build.0 = Release|Win32
		{492D8783-8356-4895-95C3-FA4859F4DEF6}.Debug|x64.ActiveCfg = Debug|x64
		{492D8783-8356-4895-95C3-FA4859F4DEF6}.Debug|x64.Build.0 = Debug|x64
		{492D8783-8356-4895-95C3-FA4859F4DEF6}.Debug|x86.ActiveCfg = Debug|Win32
		{492D8783-8356-4895-95C3-FA4859F4DEF6}.Debug|x86.Build.0 = Debug|Win32
		{492D8783-8356-4895-95C3-FA4859F4DEF6}.Release|x64.ActiveCfg = Release|x64
		{492D8783-8356-4895-95C3-FA4859F4DEF6}.Release|x64.Build.0 = Release|x64
		{492D8783-8356-4895-95C3-FA4859F4DEF6}.Release|x86.ActiveCfg = Release|Win32
		{492D8783-8356-4895-95C3-FA4859F4DEF6}.Release|x86.Build.0 = Release|Win32
	EndGlobalSection
	GlobalSection(SolutionProperties) = preSolution
		HideSolutionNode = FALSE
	EndGlobalSection
	GlobalSection(ExtensibilityGlobals) = postSolution
		SolutionGuid = {4CF9AADF-801B-4F70-AAC4-A46E00CBFD5A}
	EndGlobalSection
EndGlobal
